// !$*UTF8*$!
{
	archiveVersion = 1;
	classes = {
	};
	objectVersion = 56;
	objects = {

/* Begin PBXBuildFile section */
		991BD18D2D287D94006AA4B0 /* HomeContentView.swift in Sources */ = {isa = PBXBuildFile; fileRef = 991BD18C2D287D94006AA4B0 /* HomeContentView.swift */; };
		991BD18F2D28814B006AA4B0 /* LeetCodeService.swift in Sources */ = {isa = PBXBuildFile; fileRef = 991BD18E2D28814B006AA4B0 /* LeetCodeService.swift */; };
		991BD1912D29F496006AA4B0 /* MockData.swift in Sources */ = {isa = PBXBuildFile; fileRef = 991BD1902D29F496006AA4B0 /* MockData.swift */; };
		991F4CED2D208CD2004F5E86 /* LeetCode_StatisticsApp.swift in Sources */ = {isa = PBXBuildFile; fileRef = 991F4CEC2D208CD2004F5E86 /* LeetCode_StatisticsApp.swift */; };
		991F4CF12D208CD4004F5E86 /* Assets.xcassets in Resources */ = {isa = PBXBuildFile; fileRef = 991F4CF02D208CD4004F5E86 /* Assets.xcassets */; };
		991F4CF42D208CD4004F5E86 /* Preview Assets.xcassets in Resources */ = {isa = PBXBuildFile; fileRef = 991F4CF32D208CD4004F5E86 /* Preview Assets.xcassets */; };
		991F4CF62D208CD4004F5E86 /* Persistence.swift in Sources */ = {isa = PBXBuildFile; fileRef = 991F4CF52D208CD4004F5E86 /* Persistence.swift */; };
		991F4CF92D208CD4004F5E86 /* LeetCode_Statistics.xcdatamodeld in Sources */ = {isa = PBXBuildFile; fileRef = 991F4CF72D208CD4004F5E86 /* LeetCode_Statistics.xcdatamodeld */; };
		991F4D032D208CD4004F5E86 /* LeetCode_StatisticsTests.swift in Sources */ = {isa = PBXBuildFile; fileRef = 991F4D022D208CD4004F5E86 /* LeetCode_StatisticsTests.swift */; };
		991F4D0D2D208CD4004F5E86 /* LeetCode_StatisticsUITests.swift in Sources */ = {isa = PBXBuildFile; fileRef = 991F4D0C2D208CD4004F5E86 /* LeetCode_StatisticsUITests.swift */; };
		991F4D0F2D208CD4004F5E86 /* LeetCode_StatisticsUITestsLaunchTests.swift in Sources */ = {isa = PBXBuildFile; fileRef = 991F4D0E2D208CD4004F5E86 /* LeetCode_StatisticsUITestsLaunchTests.swift */; };
		994C89D22D22175800EC3682 /* Colour.swift in Sources */ = {isa = PBXBuildFile; fileRef = 994C89D12D22175800EC3682 /* Colour.swift */; };
		994C89D42D221AA600EC3682 /* Font.swift in Sources */ = {isa = PBXBuildFile; fileRef = 994C89D32D221AA600EC3682 /* Font.swift */; };
		994C89D52D2224CD00EC3682 /* WelcomeView.swift in Sources */ = {isa = PBXBuildFile; fileRef = 991F4CEE2D208CD2004F5E86 /* WelcomeView.swift */; };
		9993FE8C2D3041890086BF2B /* URLSession.swift in Sources */ = {isa = PBXBuildFile; fileRef = 9993FE8B2D3041890086BF2B /* URLSession.swift */; };
		9993FE8E2D44217D0086BF2B /* MainView.swift in Sources */ = {isa = PBXBuildFile; fileRef = 9993FE8D2D44217D0086BF2B /* MainView.swift */; };
		9993FE902D44218A0086BF2B /* SettingsView.swift in Sources */ = {isa = PBXBuildFile; fileRef = 9993FE8F2D44218A0086BF2B /* SettingsView.swift */; };
		99A29F2E2D4994A500E130DD /* RoundedCorner.swift in Sources */ = {isa = PBXBuildFile; fileRef = 99A29F2D2D4994A400E130DD /* RoundedCorner.swift */; };
		99B664692D24B3BC00262197 /* LeetCodeUser.swift in Sources */ = {isa = PBXBuildFile; fileRef = 99B664682D24B3BC00262197 /* LeetCodeUser.swift */; };
/* End PBXBuildFile section */

/* Begin PBXContainerItemProxy section */
		991F4CFF2D208CD4004F5E86 /* PBXContainerItemProxy */ = {
			isa = PBXContainerItemProxy;
			containerPortal = 991F4CE12D208CD2004F5E86 /* Project object */;
			proxyType = 1;
			remoteGlobalIDString = 991F4CE82D208CD2004F5E86;
			remoteInfo = "LeetCode Statistics";
		};
		991F4D092D208CD4004F5E86 /* PBXContainerItemProxy */ = {
			isa = PBXContainerItemProxy;
			containerPortal = 991F4CE12D208CD2004F5E86 /* Project object */;
			proxyType = 1;
			remoteGlobalIDString = 991F4CE82D208CD2004F5E86;
			remoteInfo = "LeetCode Statistics";
		};
/* End PBXContainerItemProxy section */

/* Begin PBXFileReference section */
		991BD18C2D287D94006AA4B0 /* HomeContentView.swift */ = {isa = PBXFileReference; lastKnownFileType = sourcecode.swift; path = HomeContentView.swift; sourceTree = "<group>"; };
		991BD18E2D28814B006AA4B0 /* LeetCodeService.swift */ = {isa = PBXFileReference; lastKnownFileType = sourcecode.swift; path = LeetCodeService.swift; sourceTree = "<group>"; };
		991BD1902D29F496006AA4B0 /* MockData.swift */ = {isa = PBXFileReference; lastKnownFileType = sourcecode.swift; path = MockData.swift; sourceTree = "<group>"; };
		991F4CE92D208CD2004F5E86 /* LeetCode Statistics.app */ = {isa = PBXFileReference; explicitFileType = wrapper.application; includeInIndex = 0; path = "LeetCode Statistics.app"; sourceTree = BUILT_PRODUCTS_DIR; };
		991F4CEC2D208CD2004F5E86 /* LeetCode_StatisticsApp.swift */ = {isa = PBXFileReference; lastKnownFileType = sourcecode.swift; path = LeetCode_StatisticsApp.swift; sourceTree = "<group>"; };
		991F4CEE2D208CD2004F5E86 /* WelcomeView.swift */ = {isa = PBXFileReference; lastKnownFileType = sourcecode.swift; path = WelcomeView.swift; sourceTree = "<group>"; wrapsLines = 1; };
		991F4CF02D208CD4004F5E86 /* Assets.xcassets */ = {isa = PBXFileReference; lastKnownFileType = folder.assetcatalog; path = Assets.xcassets; sourceTree = "<group>"; };
		991F4CF32D208CD4004F5E86 /* Preview Assets.xcassets */ = {isa = PBXFileReference; lastKnownFileType = folder.assetcatalog; path = "Preview Assets.xcassets"; sourceTree = "<group>"; };
		991F4CF52D208CD4004F5E86 /* Persistence.swift */ = {isa = PBXFileReference; lastKnownFileType = sourcecode.swift; path = Persistence.swift; sourceTree = "<group>"; };
		991F4CF82D208CD4004F5E86 /* LeetCode_Statistics.xcdatamodel */ = {isa = PBXFileReference; lastKnownFileType = wrapper.xcdatamodel; path = LeetCode_Statistics.xcdatamodel; sourceTree = "<group>"; };
		991F4CFE2D208CD4004F5E86 /* LeetCode StatisticsTests.xctest */ = {isa = PBXFileReference; explicitFileType = wrapper.cfbundle; includeInIndex = 0; path = "LeetCode StatisticsTests.xctest"; sourceTree = BUILT_PRODUCTS_DIR; };
		991F4D022D208CD4004F5E86 /* LeetCode_StatisticsTests.swift */ = {isa = PBXFileReference; lastKnownFileType = sourcecode.swift; path = LeetCode_StatisticsTests.swift; sourceTree = "<group>"; };
		991F4D082D208CD4004F5E86 /* LeetCode StatisticsUITests.xctest */ = {isa = PBXFileReference; explicitFileType = wrapper.cfbundle; includeInIndex = 0; path = "LeetCode StatisticsUITests.xctest"; sourceTree = BUILT_PRODUCTS_DIR; };
		991F4D0C2D208CD4004F5E86 /* LeetCode_StatisticsUITests.swift */ = {isa = PBXFileReference; lastKnownFileType = sourcecode.swift; path = LeetCode_StatisticsUITests.swift; sourceTree = "<group>"; };
		991F4D0E2D208CD4004F5E86 /* LeetCode_StatisticsUITestsLaunchTests.swift */ = {isa = PBXFileReference; lastKnownFileType = sourcecode.swift; path = LeetCode_StatisticsUITestsLaunchTests.swift; sourceTree = "<group>"; };
		994C89D12D22175800EC3682 /* Colour.swift */ = {isa = PBXFileReference; lastKnownFileType = sourcecode.swift; path = Colour.swift; sourceTree = "<group>"; };
		994C89D32D221AA600EC3682 /* Font.swift */ = {isa = PBXFileReference; lastKnownFileType = sourcecode.swift; path = Font.swift; sourceTree = "<group>"; };
		9993FE8B2D3041890086BF2B /* URLSession.swift */ = {isa = PBXFileReference; lastKnownFileType = sourcecode.swift; path = URLSession.swift; sourceTree = "<group>"; };
		9993FE8D2D44217D0086BF2B /* MainView.swift */ = {isa = PBXFileReference; lastKnownFileType = sourcecode.swift; path = MainView.swift; sourceTree = "<group>"; };
		9993FE8F2D44218A0086BF2B /* SettingsView.swift */ = {isa = PBXFileReference; lastKnownFileType = sourcecode.swift; path = SettingsView.swift; sourceTree = "<group>"; };
		99A29F2D2D4994A400E130DD /* RoundedCorner.swift */ = {isa = PBXFileReference; lastKnownFileType = sourcecode.swift; path = RoundedCorner.swift; sourceTree = "<group>"; };
		99B664682D24B3BC00262197 /* LeetCodeUser.swift */ = {isa = PBXFileReference; lastKnownFileType = sourcecode.swift; path = LeetCodeUser.swift; sourceTree = "<group>"; };
/* End PBXFileReference section */

/* Begin PBXFrameworksBuildPhase section */
		991F4CE62D208CD2004F5E86 /* Frameworks */ = {
			isa = PBXFrameworksBuildPhase;
			buildActionMask = 2147483647;
			files = (
			);
			runOnlyForDeploymentPostprocessing = 0;
		};
		991F4CFB2D208CD4004F5E86 /* Frameworks */ = {
			isa = PBXFrameworksBuildPhase;
			buildActionMask = 2147483647;
			files = (
			);
			runOnlyForDeploymentPostprocessing = 0;
		};
		991F4D052D208CD4004F5E86 /* Frameworks */ = {
			isa = PBXFrameworksBuildPhase;
			buildActionMask = 2147483647;
			files = (
			);
			runOnlyForDeploymentPostprocessing = 0;
		};
/* End PBXFrameworksBuildPhase section */

/* Begin PBXGroup section */
		991F4CE02D208CD2004F5E86 = {
			isa = PBXGroup;
			children = (
				991F4CEB2D208CD2004F5E86 /* LeetCode Statistics */,
				991F4D012D208CD4004F5E86 /* LeetCode StatisticsTests */,
				991F4D0B2D208CD4004F5E86 /* LeetCode StatisticsUITests */,
				991F4CEA2D208CD2004F5E86 /* Products */,
			);
			sourceTree = "<group>";
		};
		991F4CEA2D208CD2004F5E86 /* Products */ = {
			isa = PBXGroup;
			children = (
				991F4CE92D208CD2004F5E86 /* LeetCode Statistics.app */,
				991F4CFE2D208CD4004F5E86 /* LeetCode StatisticsTests.xctest */,
				991F4D082D208CD4004F5E86 /* LeetCode StatisticsUITests.xctest */,
			);
			name = Products;
			sourceTree = "<group>";
		};
		991F4CEB2D208CD2004F5E86 /* LeetCode Statistics */ = {
			isa = PBXGroup;
			children = (
				994C89D02D22174200EC3682 /* Extensions */,
				991F4CEC2D208CD2004F5E86 /* LeetCode_StatisticsApp.swift */,
				991F4CEE2D208CD2004F5E86 /* WelcomeView.swift */,
				991F4CF02D208CD4004F5E86 /* Assets.xcassets */,
				991F4CF52D208CD4004F5E86 /* Persistence.swift */,
				991F4CF72D208CD4004F5E86 /* LeetCode_Statistics.xcdatamodeld */,
				991F4CF22D208CD4004F5E86 /* Preview Content */,
				99B664682D24B3BC00262197 /* LeetCodeUser.swift */,
				991BD18C2D287D94006AA4B0 /* HomeContentView.swift */,
				991BD18E2D28814B006AA4B0 /* LeetCodeService.swift */,
				991BD1902D29F496006AA4B0 /* MockData.swift */,
				9993FE8D2D44217D0086BF2B /* MainView.swift */,
				9993FE8F2D44218A0086BF2B /* SettingsView.swift */,
				99A29F2D2D4994A400E130DD /* RoundedCorner.swift */,
			);
			path = "LeetCode Statistics";
			sourceTree = "<group>";
		};
		991F4CF22D208CD4004F5E86 /* Preview Content */ = {
			isa = PBXGroup;
			children = (
				991F4CF32D208CD4004F5E86 /* Preview Assets.xcassets */,
			);
			path = "Preview Content";
			sourceTree = "<group>";
		};
		991F4D012D208CD4004F5E86 /* LeetCode StatisticsTests */ = {
			isa = PBXGroup;
			children = (
				991F4D022D208CD4004F5E86 /* LeetCode_StatisticsTests.swift */,
			);
			path = "LeetCode StatisticsTests";
			sourceTree = "<group>";
		};
		991F4D0B2D208CD4004F5E86 /* LeetCode StatisticsUITests */ = {
			isa = PBXGroup;
			children = (
				991F4D0C2D208CD4004F5E86 /* LeetCode_StatisticsUITests.swift */,
				991F4D0E2D208CD4004F5E86 /* LeetCode_StatisticsUITestsLaunchTests.swift */,
			);
			path = "LeetCode StatisticsUITests";
			sourceTree = "<group>";
		};
		994C89D02D22174200EC3682 /* Extensions */ = {
			isa = PBXGroup;
			children = (
				994C89D12D22175800EC3682 /* Colour.swift */,
				994C89D32D221AA600EC3682 /* Font.swift */,
				9993FE8B2D3041890086BF2B /* URLSession.swift */,
			);
			path = Extensions;
			sourceTree = "<group>";
		};
/* End PBXGroup section */

/* Begin PBXNativeTarget section */
		991F4CE82D208CD2004F5E86 /* LeetCode Statistics */ = {
			isa = PBXNativeTarget;
			buildConfigurationList = 991F4D122D208CD4004F5E86 /* Build configuration list for PBXNativeTarget "LeetCode Statistics" */;
			buildPhases = (
				991F4CE52D208CD2004F5E86 /* Sources */,
				991F4CE62D208CD2004F5E86 /* Frameworks */,
				991F4CE72D208CD2004F5E86 /* Resources */,
			);
			buildRules = (
			);
			dependencies = (
			);
			name = "LeetCode Statistics";
			productName = "LeetCode Statistics";
			productReference = 991F4CE92D208CD2004F5E86 /* LeetCode Statistics.app */;
			productType = "com.apple.product-type.application";
		};
		991F4CFD2D208CD4004F5E86 /* LeetCode StatisticsTests */ = {
			isa = PBXNativeTarget;
			buildConfigurationList = 991F4D152D208CD4004F5E86 /* Build configuration list for PBXNativeTarget "LeetCode StatisticsTests" */;
			buildPhases = (
				991F4CFA2D208CD4004F5E86 /* Sources */,
				991F4CFB2D208CD4004F5E86 /* Frameworks */,
				991F4CFC2D208CD4004F5E86 /* Resources */,
			);
			buildRules = (
			);
			dependencies = (
				991F4D002D208CD4004F5E86 /* PBXTargetDependency */,
			);
			name = "LeetCode StatisticsTests";
			productName = "LeetCode StatisticsTests";
			productReference = 991F4CFE2D208CD4004F5E86 /* LeetCode StatisticsTests.xctest */;
			productType = "com.apple.product-type.bundle.unit-test";
		};
		991F4D072D208CD4004F5E86 /* LeetCode StatisticsUITests */ = {
			isa = PBXNativeTarget;
			buildConfigurationList = 991F4D182D208CD4004F5E86 /* Build configuration list for PBXNativeTarget "LeetCode StatisticsUITests" */;
			buildPhases = (
				991F4D042D208CD4004F5E86 /* Sources */,
				991F4D052D208CD4004F5E86 /* Frameworks */,
				991F4D062D208CD4004F5E86 /* Resources */,
			);
			buildRules = (
			);
			dependencies = (
				991F4D0A2D208CD4004F5E86 /* PBXTargetDependency */,
			);
			name = "LeetCode StatisticsUITests";
			productName = "LeetCode StatisticsUITests";
			productReference = 991F4D082D208CD4004F5E86 /* LeetCode StatisticsUITests.xctest */;
			productType = "com.apple.product-type.bundle.ui-testing";
		};
/* End PBXNativeTarget section */

/* Begin PBXProject section */
		991F4CE12D208CD2004F5E86 /* Project object */ = {
			isa = PBXProject;
			attributes = {
				BuildIndependentTargetsInParallel = 1;
				LastSwiftUpdateCheck = 1540;
				LastUpgradeCheck = 1540;
				TargetAttributes = {
					991F4CE82D208CD2004F5E86 = {
						CreatedOnToolsVersion = 15.4;
					};
					991F4CFD2D208CD4004F5E86 = {
						CreatedOnToolsVersion = 15.4;
						TestTargetID = 991F4CE82D208CD2004F5E86;
					};
					991F4D072D208CD4004F5E86 = {
						CreatedOnToolsVersion = 15.4;
						TestTargetID = 991F4CE82D208CD2004F5E86;
					};
				};
			};
			buildConfigurationList = 991F4CE42D208CD2004F5E86 /* Build configuration list for PBXProject "LeetCode Statistics" */;
			compatibilityVersion = "Xcode 14.0";
			developmentRegion = en;
			hasScannedForEncodings = 0;
			knownRegions = (
				en,
				Base,
			);
			mainGroup = 991F4CE02D208CD2004F5E86;
			productRefGroup = 991F4CEA2D208CD2004F5E86 /* Products */;
			projectDirPath = "";
			projectRoot = "";
			targets = (
				991F4CE82D208CD2004F5E86 /* LeetCode Statistics */,
				991F4CFD2D208CD4004F5E86 /* LeetCode StatisticsTests */,
				991F4D072D208CD4004F5E86 /* LeetCode StatisticsUITests */,
			);
		};
/* End PBXProject section */

/* Begin PBXResourcesBuildPhase section */
		991F4CE72D208CD2004F5E86 /* Resources */ = {
			isa = PBXResourcesBuildPhase;
			buildActionMask = 2147483647;
			files = (
				991F4CF42D208CD4004F5E86 /* Preview Assets.xcassets in Resources */,
				991F4CF12D208CD4004F5E86 /* Assets.xcassets in Resources */,
			);
			runOnlyForDeploymentPostprocessing = 0;
		};
		991F4CFC2D208CD4004F5E86 /* Resources */ = {
			isa = PBXResourcesBuildPhase;
			buildActionMask = 2147483647;
			files = (
			);
			runOnlyForDeploymentPostprocessing = 0;
		};
		991F4D062D208CD4004F5E86 /* Resources */ = {
			isa = PBXResourcesBuildPhase;
			buildActionMask = 2147483647;
			files = (
			);
			runOnlyForDeploymentPostprocessing = 0;
		};
/* End PBXResourcesBuildPhase section */

/* Begin PBXSourcesBuildPhase section */
		991F4CE52D208CD2004F5E86 /* Sources */ = {
			isa = PBXSourcesBuildPhase;
			buildActionMask = 2147483647;
			files = (
				991BD18F2D28814B006AA4B0 /* LeetCodeService.swift in Sources */,
				9993FE8E2D44217D0086BF2B /* MainView.swift in Sources */,
				994C89D22D22175800EC3682 /* Colour.swift in Sources */,
				9993FE8C2D3041890086BF2B /* URLSession.swift in Sources */,
				99B664692D24B3BC00262197 /* LeetCodeUser.swift in Sources */,
				991F4CF62D208CD4004F5E86 /* Persistence.swift in Sources */,
				99A29F2E2D4994A500E130DD /* RoundedCorner.swift in Sources */,
				994C89D52D2224CD00EC3682 /* WelcomeView.swift in Sources */,
				991BD1912D29F496006AA4B0 /* MockData.swift in Sources */,
				994C89D42D221AA600EC3682 /* Font.swift in Sources */,
				991BD18D2D287D94006AA4B0 /* HomeContentView.swift in Sources */,
				991F4CF92D208CD4004F5E86 /* LeetCode_Statistics.xcdatamodeld in Sources */,
				991F4CED2D208CD2004F5E86 /* LeetCode_StatisticsApp.swift in Sources */,
				9993FE902D44218A0086BF2B /* SettingsView.swift in Sources */,
			);
			runOnlyForDeploymentPostprocessing = 0;
		};
		991F4CFA2D208CD4004F5E86 /* Sources */ = {
			isa = PBXSourcesBuildPhase;
			buildActionMask = 2147483647;
			files = (
				991F4D032D208CD4004F5E86 /* LeetCode_StatisticsTests.swift in Sources */,
			);
			runOnlyForDeploymentPostprocessing = 0;
		};
		991F4D042D208CD4004F5E86 /* Sources */ = {
			isa = PBXSourcesBuildPhase;
			buildActionMask = 2147483647;
			files = (
				991F4D0F2D208CD4004F5E86 /* LeetCode_StatisticsUITestsLaunchTests.swift in Sources */,
				991F4D0D2D208CD4004F5E86 /* LeetCode_StatisticsUITests.swift in Sources */,
			);
			runOnlyForDeploymentPostprocessing = 0;
		};
/* End PBXSourcesBuildPhase section */

/* Begin PBXTargetDependency section */
		991F4D002D208CD4004F5E86 /* PBXTargetDependency */ = {
			isa = PBXTargetDependency;
			target = 991F4CE82D208CD2004F5E86 /* LeetCode Statistics */;
			targetProxy = 991F4CFF2D208CD4004F5E86 /* PBXContainerItemProxy */;
		};
		991F4D0A2D208CD4004F5E86 /* PBXTargetDependency */ = {
			isa = PBXTargetDependency;
			target = 991F4CE82D208CD2004F5E86 /* LeetCode Statistics */;
			targetProxy = 991F4D092D208CD4004F5E86 /* PBXContainerItemProxy */;
		};
/* End PBXTargetDependency section */

/* Begin XCBuildConfiguration section */
		991F4D102D208CD4004F5E86 /* Debug */ = {
			isa = XCBuildConfiguration;
			buildSettings = {
				ALWAYS_SEARCH_USER_PATHS = NO;
				ASSETCATALOG_COMPILER_GENERATE_SWIFT_ASSET_SYMBOL_EXTENSIONS = YES;
				CLANG_ANALYZER_NONNULL = YES;
				CLANG_ANALYZER_NUMBER_OBJECT_CONVERSION = YES_AGGRESSIVE;
				CLANG_CXX_LANGUAGE_STANDARD = "gnu++20";
				CLANG_ENABLE_MODULES = YES;
				CLANG_ENABLE_OBJC_ARC = YES;
				CLANG_ENABLE_OBJC_WEAK = YES;
				CLANG_WARN_BLOCK_CAPTURE_AUTORELEASING = YES;
				CLANG_WARN_BOOL_CONVERSION = YES;
				CLANG_WARN_COMMA = YES;
				CLANG_WARN_CONSTANT_CONVERSION = YES;
				CLANG_WARN_DEPRECATED_OBJC_IMPLEMENTATIONS = YES;
				CLANG_WARN_DIRECT_OBJC_ISA_USAGE = YES_ERROR;
				CLANG_WARN_DOCUMENTATION_COMMENTS = YES;
				CLANG_WARN_EMPTY_BODY = YES;
				CLANG_WARN_ENUM_CONVERSION = YES;
				CLANG_WARN_INFINITE_RECURSION = YES;
				CLANG_WARN_INT_CONVERSION = YES;
				CLANG_WARN_NON_LITERAL_NULL_CONVERSION = YES;
				CLANG_WARN_OBJC_IMPLICIT_RETAIN_SELF = YES;
				CLANG_WARN_OBJC_LITERAL_CONVERSION = YES;
				CLANG_WARN_OBJC_ROOT_CLASS = YES_ERROR;
				CLANG_WARN_QUOTED_INCLUDE_IN_FRAMEWORK_HEADER = YES;
				CLANG_WARN_RANGE_LOOP_ANALYSIS = YES;
				CLANG_WARN_STRICT_PROTOTYPES = YES;
				CLANG_WARN_SUSPICIOUS_MOVE = YES;
				CLANG_WARN_UNGUARDED_AVAILABILITY = YES_AGGRESSIVE;
				CLANG_WARN_UNREACHABLE_CODE = YES;
				CLANG_WARN__DUPLICATE_METHOD_MATCH = YES;
				COPY_PHASE_STRIP = NO;
				DEBUG_INFORMATION_FORMAT = dwarf;
				ENABLE_STRICT_OBJC_MSGSEND = YES;
				ENABLE_TESTABILITY = YES;
				ENABLE_USER_SCRIPT_SANDBOXING = YES;
				GCC_C_LANGUAGE_STANDARD = gnu17;
				GCC_DYNAMIC_NO_PIC = NO;
				GCC_NO_COMMON_BLOCKS = YES;
				GCC_OPTIMIZATION_LEVEL = 0;
				GCC_PREPROCESSOR_DEFINITIONS = (
					"DEBUG=1",
					"$(inherited)",
				);
				GCC_WARN_64_TO_32_BIT_CONVERSION = YES;
				GCC_WARN_ABOUT_RETURN_TYPE = YES_ERROR;
				GCC_WARN_UNDECLARED_SELECTOR = YES;
				GCC_WARN_UNINITIALIZED_AUTOS = YES_AGGRESSIVE;
				GCC_WARN_UNUSED_FUNCTION = YES;
				GCC_WARN_UNUSED_VARIABLE = YES;
				IPHONEOS_DEPLOYMENT_TARGET = 17.5;
				LOCALIZATION_PREFERS_STRING_CATALOGS = YES;
				MTL_ENABLE_DEBUG_INFO = INCLUDE_SOURCE;
				MTL_FAST_MATH = YES;
				ONLY_ACTIVE_ARCH = YES;
				SDKROOT = iphoneos;
				SWIFT_ACTIVE_COMPILATION_CONDITIONS = "DEBUG $(inherited)";
				SWIFT_OPTIMIZATION_LEVEL = "-Onone";
			};
			name = Debug;
		};
		991F4D112D208CD4004F5E86 /* Release */ = {
			isa = XCBuildConfiguration;
			buildSettings = {
				ALWAYS_SEARCH_USER_PATHS = NO;
				ASSETCATALOG_COMPILER_GENERATE_SWIFT_ASSET_SYMBOL_EXTENSIONS = YES;
				CLANG_ANALYZER_NONNULL = YES;
				CLANG_ANALYZER_NUMBER_OBJECT_CONVERSION = YES_AGGRESSIVE;
				CLANG_CXX_LANGUAGE_STANDARD = "gnu++20";
				CLANG_ENABLE_MODULES = YES;
				CLANG_ENABLE_OBJC_ARC = YES;
				CLANG_ENABLE_OBJC_WEAK = YES;
				CLANG_WARN_BLOCK_CAPTURE_AUTORELEASING = YES;
				CLANG_WARN_BOOL_CONVERSION = YES;
				CLANG_WARN_COMMA = YES;
				CLANG_WARN_CONSTANT_CONVERSION = YES;
				CLANG_WARN_DEPRECATED_OBJC_IMPLEMENTATIONS = YES;
				CLANG_WARN_DIRECT_OBJC_ISA_USAGE = YES_ERROR;
				CLANG_WARN_DOCUMENTATION_COMMENTS = YES;
				CLANG_WARN_EMPTY_BODY = YES;
				CLANG_WARN_ENUM_CONVERSION = YES;
				CLANG_WARN_INFINITE_RECURSION = YES;
				CLANG_WARN_INT_CONVERSION = YES;
				CLANG_WARN_NON_LITERAL_NULL_CONVERSION = YES;
				CLANG_WARN_OBJC_IMPLICIT_RETAIN_SELF = YES;
				CLANG_WARN_OBJC_LITERAL_CONVERSION = YES;
				CLANG_WARN_OBJC_ROOT_CLASS = YES_ERROR;
				CLANG_WARN_QUOTED_INCLUDE_IN_FRAMEWORK_HEADER = YES;
				CLANG_WARN_RANGE_LOOP_ANALYSIS = YES;
				CLANG_WARN_STRICT_PROTOTYPES = YES;
				CLANG_WARN_SUSPICIOUS_MOVE = YES;
				CLANG_WARN_UNGUARDED_AVAILABILITY = YES_AGGRESSIVE;
				CLANG_WARN_UNREACHABLE_CODE = YES;
				CLANG_WARN__DUPLICATE_METHOD_MATCH = YES;
				COPY_PHASE_STRIP = NO;
				DEBUG_INFORMATION_FORMAT = "dwarf-with-dsym";
				ENABLE_NS_ASSERTIONS = NO;
				ENABLE_STRICT_OBJC_MSGSEND = YES;
				ENABLE_USER_SCRIPT_SANDBOXING = YES;
				GCC_C_LANGUAGE_STANDARD = gnu17;
				GCC_NO_COMMON_BLOCKS = YES;
				GCC_WARN_64_TO_32_BIT_CONVERSION = YES;
				GCC_WARN_ABOUT_RETURN_TYPE = YES_ERROR;
				GCC_WARN_UNDECLARED_SELECTOR = YES;
				GCC_WARN_UNINITIALIZED_AUTOS = YES_AGGRESSIVE;
				GCC_WARN_UNUSED_FUNCTION = YES;
				GCC_WARN_UNUSED_VARIABLE = YES;
				IPHONEOS_DEPLOYMENT_TARGET = 17.5;
				LOCALIZATION_PREFERS_STRING_CATALOGS = YES;
				MTL_ENABLE_DEBUG_INFO = NO;
				MTL_FAST_MATH = YES;
				SDKROOT = iphoneos;
				SWIFT_COMPILATION_MODE = wholemodule;
				VALIDATE_PRODUCT = YES;
			};
			name = Release;
		};
		991F4D132D208CD4004F5E86 /* Debug */ = {
			isa = XCBuildConfiguration;
			buildSettings = {
				ASSETCATALOG_COMPILER_APPICON_NAME = AppIcon;
				ASSETCATALOG_COMPILER_GLOBAL_ACCENT_COLOR_NAME = AccentColor;
				CODE_SIGN_STYLE = Automatic;
				CURRENT_PROJECT_VERSION = 1;
				DEVELOPMENT_ASSET_PATHS = "\"LeetCode Statistics/Preview Content\"";
				DEVELOPMENT_TEAM = 43PQ6QZ6R2;
				ENABLE_PREVIEWS = YES;
				GENERATE_INFOPLIST_FILE = YES;
				INFOPLIST_KEY_UIApplicationSceneManifest_Generation = YES;
				INFOPLIST_KEY_UIApplicationSupportsIndirectInputEvents = YES;
				INFOPLIST_KEY_UILaunchScreen_Generation = YES;
				INFOPLIST_KEY_UISupportedInterfaceOrientations_iPad = "UIInterfaceOrientationPortrait UIInterfaceOrientationPortraitUpsideDown UIInterfaceOrientationLandscapeLeft UIInterfaceOrientationLandscapeRight";
				INFOPLIST_KEY_UISupportedInterfaceOrientations_iPhone = "UIInterfaceOrientationPortrait UIInterfaceOrientationLandscapeLeft UIInterfaceOrientationLandscapeRight";
				LD_RUNPATH_SEARCH_PATHS = (
					"$(inherited)",
					"@executable_path/Frameworks",
				);
				MARKETING_VERSION = 1.0;
				PRODUCT_BUNDLE_IDENTIFIER = "com.kersov.leetcodestatistics.LeetCode-Statistics";
				PRODUCT_NAME = "$(TARGET_NAME)";
				SWIFT_EMIT_LOC_STRINGS = YES;
				SWIFT_VERSION = 5.0;
				TARGETED_DEVICE_FAMILY = "1,2";
			};
			name = Debug;
		};
		991F4D142D208CD4004F5E86 /* Release */ = {
			isa = XCBuildConfiguration;
			buildSettings = {
				ASSETCATALOG_COMPILER_APPICON_NAME = AppIcon;
				ASSETCATALOG_COMPILER_GLOBAL_ACCENT_COLOR_NAME = AccentColor;
				CODE_SIGN_STYLE = Automatic;
				CURRENT_PROJECT_VERSION = 1;
				DEVELOPMENT_ASSET_PATHS = "\"LeetCode Statistics/Preview Content\"";
				DEVELOPMENT_TEAM = 43PQ6QZ6R2;
				ENABLE_PREVIEWS = YES;
				GENERATE_INFOPLIST_FILE = YES;
				INFOPLIST_KEY_UIApplicationSceneManifest_Generation = YES;
				INFOPLIST_KEY_UIApplicationSupportsIndirectInputEvents = YES;
				INFOPLIST_KEY_UILaunchScreen_Generation = YES;
				INFOPLIST_KEY_UISupportedInterfaceOrientations_iPad = "UIInterfaceOrientationPortrait UIInterfaceOrientationPortraitUpsideDown UIInterfaceOrientationLandscapeLeft UIInterfaceOrientationLandscapeRight";
				INFOPLIST_KEY_UISupportedInterfaceOrientations_iPhone = "UIInterfaceOrientationPortrait UIInterfaceOrientationLandscapeLeft UIInterfaceOrientationLandscapeRight";
				LD_RUNPATH_SEARCH_PATHS = (
					"$(inherited)",
					"@executable_path/Frameworks",
				);
				MARKETING_VERSION = 1.0;
				PRODUCT_BUNDLE_IDENTIFIER = "com.kersov.leetcodestatistics.LeetCode-Statistics";
				PRODUCT_NAME = "$(TARGET_NAME)";
				SWIFT_EMIT_LOC_STRINGS = YES;
				SWIFT_VERSION = 5.0;
				TARGETED_DEVICE_FAMILY = "1,2";
			};
			name = Release;
		};
		991F4D162D208CD4004F5E86 /* Debug */ = {
			isa = XCBuildConfiguration;
			buildSettings = {
				ALWAYS_EMBED_SWIFT_STANDARD_LIBRARIES = YES;
				BUNDLE_LOADER = "$(TEST_HOST)";
				CODE_SIGN_STYLE = Automatic;
				CURRENT_PROJECT_VERSION = 1;
				DEVELOPMENT_TEAM = 43PQ6QZ6R2;
				GENERATE_INFOPLIST_FILE = YES;
				IPHONEOS_DEPLOYMENT_TARGET = 17.5;
				MARKETING_VERSION = 1.0;
				PRODUCT_BUNDLE_IDENTIFIER = "com.kersov.leetcodestatistics.LeetCode-StatisticsTests";
				PRODUCT_NAME = "$(TARGET_NAME)";
				SWIFT_EMIT_LOC_STRINGS = NO;
				SWIFT_VERSION = 5.0;
				TARGETED_DEVICE_FAMILY = "1,2";
				TEST_HOST = "$(BUILT_PRODUCTS_DIR)/LeetCode Statistics.app/$(BUNDLE_EXECUTABLE_FOLDER_PATH)/LeetCode Statistics";
			};
			name = Debug;
		};
		991F4D172D208CD4004F5E86 /* Release */ = {
			isa = XCBuildConfiguration;
			buildSettings = {
				ALWAYS_EMBED_SWIFT_STANDARD_LIBRARIES = YES;
				BUNDLE_LOADER = "$(TEST_HOST)";
				CODE_SIGN_STYLE = Automatic;
				CURRENT_PROJECT_VERSION = 1;
				DEVELOPMENT_TEAM = 43PQ6QZ6R2;
				GENERATE_INFOPLIST_FILE = YES;
				IPHONEOS_DEPLOYMENT_TARGET = 17.5;
				MARKETING_VERSION = 1.0;
				PRODUCT_BUNDLE_IDENTIFIER = "com.kersov.leetcodestatistics.LeetCode-StatisticsTests";
				PRODUCT_NAME = "$(TARGET_NAME)";
				SWIFT_EMIT_LOC_STRINGS = NO;
				SWIFT_VERSION = 5.0;
				TARGETED_DEVICE_FAMILY = "1,2";
				TEST_HOST = "$(BUILT_PRODUCTS_DIR)/LeetCode Statistics.app/$(BUNDLE_EXECUTABLE_FOLDER_PATH)/LeetCode Statistics";
			};
			name = Release;
		};
		991F4D192D208CD4004F5E86 /* Debug */ = {
			isa = XCBuildConfiguration;
			buildSettings = {
				ALWAYS_EMBED_SWIFT_STANDARD_LIBRARIES = YES;
				CODE_SIGN_STYLE = Automatic;
				CURRENT_PROJECT_VERSION = 1;
				DEVELOPMENT_TEAM = 43PQ6QZ6R2;
				GENERATE_INFOPLIST_FILE = YES;
				MARKETING_VERSION = 1.0;
				PRODUCT_BUNDLE_IDENTIFIER = "com.kersov.leetcodestatistics.LeetCode-StatisticsUITests";
				PRODUCT_NAME = "$(TARGET_NAME)";
				SWIFT_EMIT_LOC_STRINGS = NO;
				SWIFT_VERSION = 5.0;
				TARGETED_DEVICE_FAMILY = "1,2";
				TEST_TARGET_NAME = "LeetCode Statistics";
			};
			name = Debug;
		};
		991F4D1A2D208CD4004F5E86 /* Release */ = {
			isa = XCBuildConfiguration;
			buildSettings = {
				ALWAYS_EMBED_SWIFT_STANDARD_LIBRARIES = YES;
				CODE_SIGN_STYLE = Automatic;
				CURRENT_PROJECT_VERSION = 1;
				DEVELOPMENT_TEAM = 43PQ6QZ6R2;
				GENERATE_INFOPLIST_FILE = YES;
				MARKETING_VERSION = 1.0;
				PRODUCT_BUNDLE_IDENTIFIER = "com.kersov.leetcodestatistics.LeetCode-StatisticsUITests";
				PRODUCT_NAME = "$(TARGET_NAME)";
				SWIFT_EMIT_LOC_STRINGS = NO;
				SWIFT_VERSION = 5.0;
				TARGETED_DEVICE_FAMILY = "1,2";
				TEST_TARGET_NAME = "LeetCode Statistics";
			};
			name = Release;
		};
/* End XCBuildConfiguration section */

/* Begin XCConfigurationList section */
		991F4CE42D208CD2004F5E86 /* Build configuration list for PBXProject "LeetCode Statistics" */ = {
			isa = XCConfigurationList;
			buildConfigurations = (
				991F4D102D208CD4004F5E86 /* Debug */,
				991F4D112D208CD4004F5E86 /* Release */,
			);
			defaultConfigurationIsVisible = 0;
			defaultConfigurationName = Release;
		};
		991F4D122D208CD4004F5E86 /* Build configuration list for PBXNativeTarget "LeetCode Statistics" */ = {
			isa = XCConfigurationList;
			buildConfigurations = (
				991F4D132D208CD4004F5E86 /* Debug */,
				991F4D142D208CD4004F5E86 /* Release */,
			);
			defaultConfigurationIsVisible = 0;
			defaultConfigurationName = Release;
		};
		991F4D152D208CD4004F5E86 /* Build configuration list for PBXNativeTarget "LeetCode StatisticsTests" */ = {
			isa = XCConfigurationList;
			buildConfigurations = (
				991F4D162D208CD4004F5E86 /* Debug */,
				991F4D172D208CD4004F5E86 /* Release */,
			);
			defaultConfigurationIsVisible = 0;
			defaultConfigurationName = Release;
		};
		991F4D182D208CD4004F5E86 /* Build configuration list for PBXNativeTarget "LeetCode StatisticsUITests" */ = {
			isa = XCConfigurationList;
			buildConfigurations = (
				991F4D192D208CD4004F5E86 /* Debug */,
				991F4D1A2D208CD4004F5E86 /* Release */,
			);
			defaultConfigurationIsVisible = 0;
			defaultConfigurationName = Release;
		};
/* End XCConfigurationList section */

/* Begin XCVersionGroup section */
		991F4CF72D208CD4004F5E86 /* LeetCode_Statistics.xcdatamodeld */ = {
			isa = XCVersionGroup;
			children = (
				991F4CF82D208CD4004F5E86 /* LeetCode_Statistics.xcdatamodel */,
			);
			currentVersion = 991F4CF82D208CD4004F5E86 /* LeetCode_Statistics.xcdatamodel */;
			path = LeetCode_Statistics.xcdatamodeld;
			sourceTree = "<group>";
			versionGroupType = wrapper.xcdatamodel;
		};
/* End XCVersionGroup section */
	};
	rootObject = 991F4CE12D208CD2004F5E86 /* Project object */;
}
